
Microsoft Visual Studio Solution File, Format Version 12.00
# Visual Studio 2013
VisualStudioVersion = 12.0.21005.1
MinimumVisualStudioVersion = 10.0.40219.1
Project("{FAE04EC0-301F-11D3-BF4B-00C04F79EFBC}") = "4abril2019", "4abril2019\4abril2019.csproj", "{49AC4B30-7894-4994-B9C5-AFBC62CE1DB4}"
EndProject
Global
	GlobalSection(SolutionConfigurationPlatforms) = preSolution
		Debug|Any CPU = Debug|Any CPU
		Release|Any CPU = Release|Any CPU
	EndGlobalSection
	GlobalSection(ProjectConfigurationPlatforms) = postSolution
		{49AC4B30-7894-4994-B9C5-AFBC62CE1DB4}.Debug|Any CPU.ActiveCfg = Debug|Any CPU
		{49AC4B30-7894-4994-B9C5-AFBC62CE1DB4}.Debug|Any CPU.Build.0 = Debug|Any CPU
		{49AC4B30-7894-4994-B9C5-AFBC62CE1DB4}.Release|Any CPU.ActiveCfg = Release|Any CPU
		{49AC4B30-7894-4994-B9C5-AFBC62CE1DB4}.Release|Any CPU.Build.0 = Release|Any CPU
	EndGlobalSection
	GlobalSection(SolutionProperties) = preSolution
		HideSolutionNode = FALSE
	EndGlobalSection
EndGlobal
